
Microsoft Visual Studio Solution File, Format Version 12.00
# Visual Studio Version 16
VisualStudioVersion = 16.0.32002.261
MinimumVisualStudioVersion = 10.0.40219.1
Project("{FAE04EC0-301F-11D3-BF4B-00C04F79EFBC}") = "GTPSTools", "GTPSTools\GTPSTools.csproj", "{AE484BF9-DF60-4811-ADD2-05154F01E3A8}"
EndProject
Global
	GlobalSection(SolutionConfigurationPlatforms) = preSolution
		Debug|Any CPU = Debug|Any CPU
		Release|Any CPU = Release|Any CPU
	EndGlobalSection
	GlobalSection(ProjectConfigurationPlatforms) = postSolution
		{AE484BF9-DF60-4811-ADD2-05154F01E3A8}.Debug|Any CPU.ActiveCfg = Debug|Any CPU
		{AE484BF9-DF60-4811-ADD2-05154F01E3A8}.Debug|Any CPU.Build.0 = Debug|Any CPU
		{AE484BF9-DF60-4811-ADD2-05154F01E3A8}.Release|Any CPU.ActiveCfg = Release|Any CPU
		{AE484BF9-DF60-4811-ADD2-05154F01E3A8}.Release|Any CPU.Build.0 = Release|Any CPU
	EndGlobalSection
	GlobalSection(SolutionProperties) = preSolution
		HideSolutionNode = FALSE
	EndGlobalSection
	GlobalSection(ExtensibilityGlobals) = postSolution
		SolutionGuid = {6B517BDB-2149-4C6F-AAC5-792BB45CCB2E}
	EndGlobalSection
EndGlobal
